
Microsoft Visual Studio Solution File, Format Version 12.00
# Visual Studio Version 16
VisualStudioVersion = 16.0.30907.101
MinimumVisualStudioVersion = 10.0.40219.1
Project("{FAE04EC0-301F-11D3-BF4B-00C04F79EFBC}") = "MyDictionary", "MyDictionary\MyDictionary.csproj", "{65D206CE-D2C4-4243-92DC-70D5142D8EE7}"
EndProject
Global
	GlobalSection(SolutionConfigurationPlatforms) = preSolution
		Debug|Any CPU = Debug|Any CPU
		Release|Any CPU = Release|Any CPU
	EndGlobalSection
	GlobalSection(ProjectConfigurationPlatforms) = postSolution
		{65D206CE-D2C4-4243-92DC-70D5142D8EE7}.Debug|Any CPU.ActiveCfg = Debug|Any CPU
		{65D206CE-D2C4-4243-92DC-70D5142D8EE7}.Debug|Any CPU.Build.0 = Debug|Any CPU
		{65D206CE-D2C4-4243-92DC-70D5142D8EE7}.Release|Any CPU.ActiveCfg = Release|Any CPU
		{65D206CE-D2C4-4243-92DC-70D5142D8EE7}.Release|Any CPU.Build.0 = Release|Any CPU
	EndGlobalSection
	GlobalSection(SolutionProperties) = preSolution
		HideSolutionNode = FALSE
	EndGlobalSection
	GlobalSection(ExtensibilityGlobals) = postSolution
		SolutionGuid = {67F5AA51-AB17-4D5F-A9ED-91601F3DB9C2}
	EndGlobalSection
EndGlobal
